
Microsoft Visual Studio Solution File, Format Version 12.00
# Visual Studio Version 16
VisualStudioVersion = 16.0.29728.190
MinimumVisualStudioVersion = 10.0.40219.1
Project("{9A19103F-16F7-4668-BE54-9A1E7A4F7556}") = "workout-app.Core", "workout-app.Core\workout-app.Core.csproj", "{0B2B83D0-C0F1-403E-BDA8-BA312407EDF7}"
EndProject
Project("{9A19103F-16F7-4668-BE54-9A1E7A4F7556}") = "workout-app.Infrastructure", "workout-app.Infrastructure\workout-app.Infrastructure.csproj", "{27FEDC45-3954-49F6-A9B5-ED478829C9BB}"
EndProject
Project("{9A19103F-16F7-4668-BE54-9A1E7A4F7556}") = "workout-app.Api", "workout-app.Api\workout-app.Api.csproj", "{449CD8A3-967C-4FF3-8FE2-493628714494}"
EndProject
Project("{9A19103F-16F7-4668-BE54-9A1E7A4F7556}") = "workout-app.Application", "workout-app.Application\workout-app.Application.csproj", "{9F72DFF5-A133-4CD0-86BE-7938499E6DE0}"
EndProject
Global
	GlobalSection(SolutionConfigurationPlatforms) = preSolution
		Debug|Any CPU = Debug|Any CPU
		Release|Any CPU = Release|Any CPU
	EndGlobalSection
	GlobalSection(ProjectConfigurationPlatforms) = postSolution
		{0B2B83D0-C0F1-403E-BDA8-BA312407EDF7}.Debug|Any CPU.ActiveCfg = Debug|Any CPU
		{0B2B83D0-C0F1-403E-BDA8-BA312407EDF7}.Debug|Any CPU.Build.0 = Debug|Any CPU
		{0B2B83D0-C0F1-403E-BDA8-BA312407EDF7}.Release|Any CPU.ActiveCfg = Release|Any CPU
		{0B2B83D0-C0F1-403E-BDA8-BA312407EDF7}.Release|Any CPU.Build.0 = Release|Any CPU
		{27FEDC45-3954-49F6-A9B5-ED478829C9BB}.Debug|Any CPU.ActiveCfg = Debug|Any CPU
		{27FEDC45-3954-49F6-A9B5-ED478829C9BB}.Debug|Any CPU.Build.0 = Debug|Any CPU
		{27FEDC45-3954-49F6-A9B5-ED478829C9BB}.Release|Any CPU.ActiveCfg = Release|Any CPU
		{27FEDC45-3954-49F6-A9B5-ED478829C9BB}.Release|Any CPU.Build.0 = Release|Any CPU
		{449CD8A3-967C-4FF3-8FE2-493628714494}.Debug|Any CPU.ActiveCfg = Debug|Any CPU
		{449CD8A3-967C-4FF3-8FE2-493628714494}.Debug|Any CPU.Build.0 = Debug|Any CPU
		{449CD8A3-967C-4FF3-8FE2-493628714494}.Release|Any CPU.ActiveCfg = Release|Any CPU
		{449CD8A3-967C-4FF3-8FE2-493628714494}.Release|Any CPU.Build.0 = Release|Any CPU
		{9F72DFF5-A133-4CD0-86BE-7938499E6DE0}.Debug|Any CPU.ActiveCfg = Debug|Any CPU
		{9F72DFF5-A133-4CD0-86BE-7938499E6DE0}.Debug|Any CPU.Build.0 = Debug|Any CPU
		{9F72DFF5-A133-4CD0-86BE-7938499E6DE0}.Release|Any CPU.ActiveCfg = Release|Any CPU
		{9F72DFF5-A133-4CD0-86BE-7938499E6DE0}.Release|Any CPU.Build.0 = Release|Any CPU
	EndGlobalSection
	GlobalSection(SolutionProperties) = preSolution
		HideSolutionNode = FALSE
	EndGlobalSection
	GlobalSection(ExtensibilityGlobals) = postSolution
		SolutionGuid = {35D0E22B-2E7E-464C-9125-1C1FD30C815E}
	EndGlobalSection
EndGlobal
